
Microsoft Visual Studio Solution File, Format Version 12.00
# Visual Studio Version 16
VisualStudioVersion = 16.0.31424.327
MinimumVisualStudioVersion = 10.0.40219.1
Project("{FAE04EC0-301F-11D3-BF4B-00C04F79EFBC}") = "SubjectSelectionPortal", "SubjectSelectionPortal\SubjectSelectionPortal.csproj", "{BECF42A5-8F4D-45CF-957F-8C9AD47D2500}"
EndProject
Global
	GlobalSection(SolutionConfigurationPlatforms) = preSolution
		Debug|Any CPU = Debug|Any CPU
		Release|Any CPU = Release|Any CPU
	EndGlobalSection
	GlobalSection(ProjectConfigurationPlatforms) = postSolution
		{BECF42A5-8F4D-45CF-957F-8C9AD47D2500}.Debug|Any CPU.ActiveCfg = Debug|Any CPU
		{BECF42A5-8F4D-45CF-957F-8C9AD47D2500}.Debug|Any CPU.Build.0 = Debug|Any CPU
		{BECF42A5-8F4D-45CF-957F-8C9AD47D2500}.Release|Any CPU.ActiveCfg = Release|Any CPU
		{BECF42A5-8F4D-45CF-957F-8C9AD47D2500}.Release|Any CPU.Build.0 = Release|Any CPU
	EndGlobalSection
	GlobalSection(SolutionProperties) = preSolution
		HideSolutionNode = FALSE
	EndGlobalSection
	GlobalSection(ExtensibilityGlobals) = postSolution
		SolutionGuid = {7D4A4DFF-FB4C-4CF3-A896-32832B42E915}
	EndGlobalSection
EndGlobal
